
Microsoft Visual Studio Solution File, Format Version 12.00
# Visual Studio Version 16
VisualStudioVersion = 16.0.29613.14
MinimumVisualStudioVersion = 10.0.40219.1
Project("{FAE04EC0-301F-11D3-BF4B-00C04F79EFBC}") = "git_diff", "git_diff.csproj", "{6123A0C5-D6F0-4710-AD17-0881462251D7}"
EndProject
Global
	GlobalSection(SolutionConfigurationPlatforms) = preSolution
		Debug|Any CPU = Debug|Any CPU
		Release|Any CPU = Release|Any CPU
	EndGlobalSection
	GlobalSection(ProjectConfigurationPlatforms) = postSolution
		{6123A0C5-D6F0-4710-AD17-0881462251D7}.Debug|Any CPU.ActiveCfg = Debug|Any CPU
		{6123A0C5-D6F0-4710-AD17-0881462251D7}.Debug|Any CPU.Build.0 = Debug|Any CPU
		{6123A0C5-D6F0-4710-AD17-0881462251D7}.Release|Any CPU.ActiveCfg = Release|Any CPU
		{6123A0C5-D6F0-4710-AD17-0881462251D7}.Release|Any CPU.Build.0 = Release|Any CPU
	EndGlobalSection
	GlobalSection(SolutionProperties) = preSolution
		HideSolutionNode = FALSE
	EndGlobalSection
	GlobalSection(ExtensibilityGlobals) = postSolution
		SolutionGuid = {AE345B1C-786C-453B-B1E8-1211D372A69F}
	EndGlobalSection
EndGlobal
